
Microsoft Visual Studio Solution File, Format Version 12.00
# Visual Studio Version 17
VisualStudioVersion = 17.5.33516.290
MinimumVisualStudioVersion = 10.0.40219.1
Project("{9A19103F-16F7-4668-BE54-9A1E7A4F7556}") = "Pontotrack.Tasks", "Pontotrack.Tasks.csproj", "{7F49197D-ECA1-4824-B168-3BCFEE97B064}"
EndProject
Project("{9A19103F-16F7-4668-BE54-9A1E7A4F7556}") = "VSIntegra.Framework.v6.0.0.6", "..\..\..\VSISolucoes\VSIntegra\VSIntegra.Framework.v6.0.0.6\VSIntegra.Framework.v6.0.0.6.csproj", "{B74E0D44-4A32-4121-AF61-0E3CA2131E7D}"
EndProject
Project("{FAE04EC0-301F-11D3-BF4B-00C04F79EFBC}") = "Khronus.Framework.Core.v2.5.9", "..\..\..\VSISolucoes\Khronus.Framework\Net\v2.5.9\Core\Khronus.Framework.Core.v2.5.9.csproj", "{140611E6-4A5B-4F82-8BF4-6BCCFEA891DF}"
EndProject
Global
	GlobalSection(SolutionConfigurationPlatforms) = preSolution
		Debug|Any CPU = Debug|Any CPU
		Release|Any CPU = Release|Any CPU
	EndGlobalSection
	GlobalSection(ProjectConfigurationPlatforms) = postSolution
		{7F49197D-ECA1-4824-B168-3BCFEE97B064}.Debug|Any CPU.ActiveCfg = Debug|Any CPU
		{7F49197D-ECA1-4824-B168-3BCFEE97B064}.Debug|Any CPU.Build.0 = Debug|Any CPU
		{7F49197D-ECA1-4824-B168-3BCFEE97B064}.Release|Any CPU.ActiveCfg = Release|Any CPU
		{7F49197D-ECA1-4824-B168-3BCFEE97B064}.Release|Any CPU.Build.0 = Release|Any CPU
		{B74E0D44-4A32-4121-AF61-0E3CA2131E7D}.Debug|Any CPU.ActiveCfg = Debug|Any CPU
		{B74E0D44-4A32-4121-AF61-0E3CA2131E7D}.Debug|Any CPU.Build.0 = Debug|Any CPU
		{B74E0D44-4A32-4121-AF61-0E3CA2131E7D}.Release|Any CPU.ActiveCfg = Release|Any CPU
		{B74E0D44-4A32-4121-AF61-0E3CA2131E7D}.Release|Any CPU.Build.0 = Release|Any CPU
		{140611E6-4A5B-4F82-8BF4-6BCCFEA891DF}.Debug|Any CPU.ActiveCfg = Debug|Any CPU
		{140611E6-4A5B-4F82-8BF4-6BCCFEA891DF}.Debug|Any CPU.Build.0 = Debug|Any CPU
		{140611E6-4A5B-4F82-8BF4-6BCCFEA891DF}.Release|Any CPU.ActiveCfg = Release|Any CPU
		{140611E6-4A5B-4F82-8BF4-6BCCFEA891DF}.Release|Any CPU.Build.0 = Release|Any CPU
	EndGlobalSection
	GlobalSection(SolutionProperties) = preSolution
		HideSolutionNode = FALSE
	EndGlobalSection
	GlobalSection(ExtensibilityGlobals) = postSolution
		SolutionGuid = {A9917027-3F03-4216-BBC9-39BCA4829BBB}
	EndGlobalSection
EndGlobal
